{
  "version": 4,
  "terraform_version": "1.5.7",
  "serial": 22,
  "lineage": "3e270ce7-7763-ebd9-72bf-1c0fff7d05fa",
  "outputs": {
    "external_ip_address_node01": {
      "value": "51.250.86.193",
      "type": "string"
    },
    "external_ip_address_node02": {
      "value": "62.84.112.199",
      "type": "string"
    },
    "external_ip_address_node03": {
      "value": "84.201.133.68",
      "type": "string"
    },
    "external_ip_address_node04": {
      "value": "84.252.128.132",
      "type": "string"
    },
    "external_ip_address_node05": {
      "value": "84.201.128.221",
      "type": "string"
    },
    "external_ip_address_node06": {
      "value": "84.201.130.69",
      "type": "string"
    },
    "internal_ip_address_node01": {
      "value": "192.168.101.11",
      "type": "string"
    },
    "internal_ip_address_node02": {
      "value": "192.168.101.12",
      "type": "string"
    },
    "internal_ip_address_node03": {
      "value": "192.168.101.13",
      "type": "string"
    },
    "internal_ip_address_node04": {
      "value": "192.168.101.14",
      "type": "string"
    },
    "internal_ip_address_node05": {
      "value": "192.168.101.15",
      "type": "string"
    },
    "internal_ip_address_node06": {
      "value": "192.168.101.16",
      "type": "string"
    }
  },
  "resources": [
    {
      "mode": "managed",
      "type": "local_file",
      "name": "inventory",
      "provider": "provider[\"registry.terraform.io/hashicorp/local\"]",
      "instances": [
        {
          "schema_version": 0,
          "attributes": {
            "content": "# Ansible inventory containing variable values from Terraform.\n# Generated by Terraform.\n\n[nodes:children]\nmanagers\nworkers\n\n[managers:children]\nactive\nstandby\n\n[active]\nnode01.netology.yc ansible_host=51.250.86.193\n\n[standby]\nnode02.netology.yc ansible_host=62.84.112.199\nnode03.netology.yc ansible_host=84.201.133.68\n\n[workers]\nnode04.netology.yc ansible_host=84.252.128.132\nnode05.netology.yc ansible_host=84.201.128.221\nnode06.netology.yc ansible_host=84.201.130.69\n",
            "content_base64": null,
            "content_base64sha256": "hZp8q8e5t90xlXDpC127vZwu8Q0NuQx+FF+axhkd2Dc=",
            "content_base64sha512": "TpGguc29WMcfY80L38XfxyXDqwsYIpYxqODoVpmqeintq3zdDD9ssQ3Fih9SeMxPvi5wWg2YVIxxM+g4jh2KQw==",
            "content_md5": "c8d2ff1ccf157dbea9e1437d6570220a",
            "content_sha1": "b097ca7fc3bd35334407bed4e867933e2ae938be",
            "content_sha256": "859a7cabc7b9b7dd319570e90b5dbbbd9c2ef10d0db90c7e145f9ac6191dd837",
            "content_sha512": "4e91a0b9cdbd58c71f63cd0bdfc5dfc725c3ab0b18229631a8e0e85699aa7a29edab7cdd0c3f6cb10dc58a1f5278cc4fbe2e705a0d98548c7133e8388e1d8a43",
            "directory_permission": "0777",
            "file_permission": "0777",
            "filename": "../ansible/inventory",
            "id": "b097ca7fc3bd35334407bed4e867933e2ae938be",
            "sensitive_content": null,
            "source": null
          },
          "sensitive_attributes": [],
          "dependencies": [
            "yandex_compute_instance.node01",
            "yandex_compute_instance.node02",
            "yandex_compute_instance.node03",
            "yandex_compute_instance.node04",
            "yandex_compute_instance.node05",
            "yandex_compute_instance.node06",
            "yandex_vpc_subnet.default"
          ]
        }
      ]
    },
    {
      "mode": "managed",
      "type": "null_resource",
      "name": "cluster",
      "provider": "provider[\"registry.terraform.io/hashicorp/null\"]",
      "instances": [
        {
          "schema_version": 0,
          "attributes": {
            "id": "540108536336464568",
            "triggers": null
          },
          "sensitive_attributes": [],
          "dependencies": [
            "local_file.inventory",
            "null_resource.wait",
            "yandex_compute_instance.node01",
            "yandex_compute_instance.node02",
            "yandex_compute_instance.node03",
            "yandex_compute_instance.node04",
            "yandex_compute_instance.node05",
            "yandex_compute_instance.node06",
            "yandex_vpc_subnet.default"
          ]
        }
      ]
    },
    {
      "mode": "managed",
      "type": "null_resource",
      "name": "monitoring",
      "provider": "provider[\"registry.terraform.io/hashicorp/null\"]",
      "instances": [
        {
          "schema_version": 0,
          "attributes": {
            "id": "102626490612402379",
            "triggers": null
          },
          "sensitive_attributes": [],
          "dependencies": [
            "local_file.inventory",
            "null_resource.cluster",
            "null_resource.sync",
            "null_resource.wait",
            "yandex_compute_instance.node01",
            "yandex_compute_instance.node02",
            "yandex_compute_instance.node03",
            "yandex_compute_instance.node04",
            "yandex_compute_instance.node05",
            "yandex_compute_instance.node06",
            "yandex_vpc_subnet.default"
          ]
        }
      ]
    },
    {
      "mode": "managed",
      "type": "null_resource",
      "name": "sync",
      "provider": "provider[\"registry.terraform.io/hashicorp/null\"]",
      "instances": [
        {
          "schema_version": 0,
          "attributes": {
            "id": "4804773895218611699",
            "triggers": null
          },
          "sensitive_attributes": [],
          "dependencies": [
            "local_file.inventory",
            "null_resource.cluster",
            "null_resource.wait",
            "yandex_compute_instance.node01",
            "yandex_compute_instance.node02",
            "yandex_compute_instance.node03",
            "yandex_compute_instance.node04",
            "yandex_compute_instance.node05",
            "yandex_compute_instance.node06",
            "yandex_vpc_subnet.default"
          ]
        }
      ]
    },
    {
      "mode": "managed",
      "type": "null_resource",
      "name": "wait",
      "provider": "provider[\"registry.terraform.io/hashicorp/null\"]",
      "instances": [
        {
          "schema_version": 0,
          "attributes": {
            "id": "4154423724425096096",
            "triggers": null
          },
          "sensitive_attributes": [],
          "dependencies": [
            "local_file.inventory",
            "yandex_compute_instance.node01",
            "yandex_compute_instance.node02",
            "yandex_compute_instance.node03",
            "yandex_compute_instance.node04",
            "yandex_compute_instance.node05",
            "yandex_compute_instance.node06",
            "yandex_vpc_subnet.default"
          ]
        }
      ]
    },
    {
      "mode": "managed",
      "type": "yandex_compute_instance",
      "name": "node01",
      "provider": "provider[\"registry.terraform.io/yandex-cloud/yandex\"]",
      "instances": [
        {
          "schema_version": 1,
          "attributes": {
            "allow_recreate": null,
            "allow_stopping_for_update": true,
            "boot_disk": [
              {
                "auto_delete": true,
                "device_name": "fhm1ccc9dkavv33m1m1k",
                "disk_id": "fhm1ccc9dkavv33m1m1k",
                "initialize_params": [
                  {
                    "block_size": 4096,
                    "description": "",
                    "image_id": "fd8njfjogfu9uqgvmm7b",
                    "name": "root-node01",
                    "size": 10,
                    "snapshot_id": "",
                    "type": "network-ssd"
                  }
                ],
                "mode": "READ_WRITE"
              }
            ],
            "created_at": "2023-09-21T20:54:34Z",
            "description": "",
            "filesystem": [],
            "folder_id": "b1gtnr26lsnrkmj1um83",
            "fqdn": "node01.netology.yc",
            "gpu_cluster_id": "",
            "hostname": "node01.netology.yc",
            "id": "fhmmmt4s803oc88u0us5",
            "labels": null,
            "local_disk": [],
            "metadata": {
              "ssh-keys": "centos:ssh-rsa AAAAB3NzaC1yc2EAAAADAQABAAABAQCw6E6/+K/I8xQqvszo8xI09HBnQuGF/55+c3gEYFr9C7x+aDQWjsu4yvPwVaMb0WOBGs1JiXZGWTJ+qANc/FmAwXMD0pHUR0A3puNbWXWecrbOln/XN5P59/p120ZSUhj62DmtkIahbydjpN7roTt0tlQkhm9HIj4BjTfmeK0h9gVm5SJCL/wMpBhgYQQfgelmC4UUbFZDw38zQU2Fw8FkvW8wtGAKAMINupbEnXZ+7n/3kOZ7jVnb5tkeXBdAHPdqH2GjgSXo6RKKTTl/uBvILbgLQmffY5SlESBlxq5p4HQfpQwiBfhbsuePvxJYPYBpPUF/c6YjjWfO/KBzuTZD pavel@ubuntu\n"
            },
            "metadata_options": [
              {
                "aws_v1_http_endpoint": 1,
                "aws_v1_http_token": 2,
                "gce_http_endpoint": 1,
                "gce_http_token": 1
              }
            ],
            "name": "node01",
            "network_acceleration_type": "standard",
            "network_interface": [
              {
                "dns_record": [],
                "index": 0,
                "ip_address": "192.168.101.11",
                "ipv4": true,
                "ipv6": false,
                "ipv6_address": "",
                "ipv6_dns_record": [],
                "mac_address": "d0:0d:16:b7:49:c4",
                "nat": true,
                "nat_dns_record": [],
                "nat_ip_address": "51.250.86.193",
                "nat_ip_version": "IPV4",
                "security_group_ids": [],
                "subnet_id": "e9bhvctridupv739p3tj"
              }
            ],
            "placement_policy": [
              {
                "host_affinity_rules": [],
                "placement_group_id": ""
              }
            ],
            "platform_id": "standard-v1",
            "resources": [
              {
                "core_fraction": 100,
                "cores": 4,
                "gpus": 0,
                "memory": 8
              }
            ],
            "scheduling_policy": [
              {
                "preemptible": false
              }
            ],
            "secondary_disk": [],
            "service_account_id": "",
            "status": "running",
            "timeouts": null,
            "zone": "ru-central1-a"
          },
          "sensitive_attributes": [],
          "private": "eyJlMmJmYjczMC1lY2FhLTExZTYtOGY4OC0zNDM2M2JjN2M0YzAiOnsiY3JlYXRlIjozMDAwMDAwMDAwMDAsImRlbGV0ZSI6MzAwMDAwMDAwMDAwLCJ1cGRhdGUiOjMwMDAwMDAwMDAwMH0sInNjaGVtYV92ZXJzaW9uIjoiMSJ9",
          "dependencies": [
            "yandex_vpc_subnet.default"
          ]
        }
      ]
    },
    {
      "mode": "managed",
      "type": "yandex_compute_instance",
      "name": "node02",
      "provider": "provider[\"registry.terraform.io/yandex-cloud/yandex\"]",
      "instances": [
        {
          "schema_version": 1,
          "attributes": {
            "allow_recreate": null,
            "allow_stopping_for_update": true,
            "boot_disk": [
              {
                "auto_delete": true,
                "device_name": "fhm7ah40k84a146hal9u",
                "disk_id": "fhm7ah40k84a146hal9u",
                "initialize_params": [
                  {
                    "block_size": 4096,
                    "description": "",
                    "image_id": "fd8njfjogfu9uqgvmm7b",
                    "name": "root-node02",
                    "size": 10,
                    "snapshot_id": "",
                    "type": "network-ssd"
                  }
                ],
                "mode": "READ_WRITE"
              }
            ],
            "created_at": "2023-09-21T20:54:34Z",
            "description": "",
            "filesystem": [],
            "folder_id": "b1gtnr26lsnrkmj1um83",
            "fqdn": "node02.netology.yc",
            "gpu_cluster_id": "",
            "hostname": "node02.netology.yc",
            "id": "fhmfslbsusjtnifcoa64",
            "labels": null,
            "local_disk": [],
            "metadata": {
              "ssh-keys": "centos:ssh-rsa AAAAB3NzaC1yc2EAAAADAQABAAABAQCw6E6/+K/I8xQqvszo8xI09HBnQuGF/55+c3gEYFr9C7x+aDQWjsu4yvPwVaMb0WOBGs1JiXZGWTJ+qANc/FmAwXMD0pHUR0A3puNbWXWecrbOln/XN5P59/p120ZSUhj62DmtkIahbydjpN7roTt0tlQkhm9HIj4BjTfmeK0h9gVm5SJCL/wMpBhgYQQfgelmC4UUbFZDw38zQU2Fw8FkvW8wtGAKAMINupbEnXZ+7n/3kOZ7jVnb5tkeXBdAHPdqH2GjgSXo6RKKTTl/uBvILbgLQmffY5SlESBlxq5p4HQfpQwiBfhbsuePvxJYPYBpPUF/c6YjjWfO/KBzuTZD pavel@ubuntu\n"
            },
            "metadata_options": [
              {
                "aws_v1_http_endpoint": 1,
                "aws_v1_http_token": 2,
                "gce_http_endpoint": 1,
                "gce_http_token": 1
              }
            ],
            "name": "node02",
            "network_acceleration_type": "standard",
            "network_interface": [
              {
                "dns_record": [],
                "index": 0,
                "ip_address": "192.168.101.12",
                "ipv4": true,
                "ipv6": false,
                "ipv6_address": "",
                "ipv6_dns_record": [],
                "mac_address": "d0:0d:fe:55:7c:f7",
                "nat": true,
                "nat_dns_record": [],
                "nat_ip_address": "62.84.112.199",
                "nat_ip_version": "IPV4",
                "security_group_ids": [],
                "subnet_id": "e9bhvctridupv739p3tj"
              }
            ],
            "placement_policy": [
              {
                "host_affinity_rules": [],
                "placement_group_id": ""
              }
            ],
            "platform_id": "standard-v1",
            "resources": [
              {
                "core_fraction": 100,
                "cores": 4,
                "gpus": 0,
                "memory": 8
              }
            ],
            "scheduling_policy": [
              {
                "preemptible": false
              }
            ],
            "secondary_disk": [],
            "service_account_id": "",
            "status": "running",
            "timeouts": null,
            "zone": "ru-central1-a"
          },
          "sensitive_attributes": [],
          "private": "eyJlMmJmYjczMC1lY2FhLTExZTYtOGY4OC0zNDM2M2JjN2M0YzAiOnsiY3JlYXRlIjozMDAwMDAwMDAwMDAsImRlbGV0ZSI6MzAwMDAwMDAwMDAwLCJ1cGRhdGUiOjMwMDAwMDAwMDAwMH0sInNjaGVtYV92ZXJzaW9uIjoiMSJ9",
          "dependencies": [
            "yandex_vpc_subnet.default"
          ]
        }
      ]
    },
    {
      "mode": "managed",
      "type": "yandex_compute_instance",
      "name": "node03",
      "provider": "provider[\"registry.terraform.io/yandex-cloud/yandex\"]",
      "instances": [
        {
          "schema_version": 1,
          "attributes": {
            "allow_recreate": null,
            "allow_stopping_for_update": true,
            "boot_disk": [
              {
                "auto_delete": true,
                "device_name": "fhmo67s3daocglhfoh6d",
                "disk_id": "fhmo67s3daocglhfoh6d",
                "initialize_params": [
                  {
                    "block_size": 4096,
                    "description": "",
                    "image_id": "fd8njfjogfu9uqgvmm7b",
                    "name": "root-node03",
                    "size": 10,
                    "snapshot_id": "",
                    "type": "network-ssd"
                  }
                ],
                "mode": "READ_WRITE"
              }
            ],
            "created_at": "2023-09-21T20:54:34Z",
            "description": "",
            "filesystem": [],
            "folder_id": "b1gtnr26lsnrkmj1um83",
            "fqdn": "node03.netology.yc",
            "gpu_cluster_id": "",
            "hostname": "node03.netology.yc",
            "id": "fhmosliv1tohqjrjvr0u",
            "labels": null,
            "local_disk": [],
            "metadata": {
              "ssh-keys": "centos:ssh-rsa AAAAB3NzaC1yc2EAAAADAQABAAABAQCw6E6/+K/I8xQqvszo8xI09HBnQuGF/55+c3gEYFr9C7x+aDQWjsu4yvPwVaMb0WOBGs1JiXZGWTJ+qANc/FmAwXMD0pHUR0A3puNbWXWecrbOln/XN5P59/p120ZSUhj62DmtkIahbydjpN7roTt0tlQkhm9HIj4BjTfmeK0h9gVm5SJCL/wMpBhgYQQfgelmC4UUbFZDw38zQU2Fw8FkvW8wtGAKAMINupbEnXZ+7n/3kOZ7jVnb5tkeXBdAHPdqH2GjgSXo6RKKTTl/uBvILbgLQmffY5SlESBlxq5p4HQfpQwiBfhbsuePvxJYPYBpPUF/c6YjjWfO/KBzuTZD pavel@ubuntu\n"
            },
            "metadata_options": [
              {
                "aws_v1_http_endpoint": 1,
                "aws_v1_http_token": 2,
                "gce_http_endpoint": 1,
                "gce_http_token": 1
              }
            ],
            "name": "node03",
            "network_acceleration_type": "standard",
            "network_interface": [
              {
                "dns_record": [],
                "index": 0,
                "ip_address": "192.168.101.13",
                "ipv4": true,
                "ipv6": false,
                "ipv6_address": "",
                "ipv6_dns_record": [],
                "mac_address": "d0:0d:18:e5:65:f0",
                "nat": true,
                "nat_dns_record": [],
                "nat_ip_address": "84.201.133.68",
                "nat_ip_version": "IPV4",
                "security_group_ids": [],
                "subnet_id": "e9bhvctridupv739p3tj"
              }
            ],
            "placement_policy": [
              {
                "host_affinity_rules": [],
                "placement_group_id": ""
              }
            ],
            "platform_id": "standard-v1",
            "resources": [
              {
                "core_fraction": 100,
                "cores": 4,
                "gpus": 0,
                "memory": 8
              }
            ],
            "scheduling_policy": [
              {
                "preemptible": false
              }
            ],
            "secondary_disk": [],
            "service_account_id": "",
            "status": "running",
            "timeouts": null,
            "zone": "ru-central1-a"
          },
          "sensitive_attributes": [],
          "private": "eyJlMmJmYjczMC1lY2FhLTExZTYtOGY4OC0zNDM2M2JjN2M0YzAiOnsiY3JlYXRlIjozMDAwMDAwMDAwMDAsImRlbGV0ZSI6MzAwMDAwMDAwMDAwLCJ1cGRhdGUiOjMwMDAwMDAwMDAwMH0sInNjaGVtYV92ZXJzaW9uIjoiMSJ9",
          "dependencies": [
            "yandex_vpc_subnet.default"
          ]
        }
      ]
    },
    {
      "mode": "managed",
      "type": "yandex_compute_instance",
      "name": "node04",
      "provider": "provider[\"registry.terraform.io/yandex-cloud/yandex\"]",
      "instances": [
        {
          "schema_version": 1,
          "attributes": {
            "allow_recreate": null,
            "allow_stopping_for_update": true,
            "boot_disk": [
              {
                "auto_delete": true,
                "device_name": "fhmr7d8rjegfvfeahiac",
                "disk_id": "fhmr7d8rjegfvfeahiac",
                "initialize_params": [
                  {
                    "block_size": 4096,
                    "description": "",
                    "image_id": "fd8njfjogfu9uqgvmm7b",
                    "name": "root-node04",
                    "size": 40,
                    "snapshot_id": "",
                    "type": "network-ssd"
                  }
                ],
                "mode": "READ_WRITE"
              }
            ],
            "created_at": "2023-09-21T20:54:34Z",
            "description": "",
            "filesystem": [],
            "folder_id": "b1gtnr26lsnrkmj1um83",
            "fqdn": "node04.netology.yc",
            "gpu_cluster_id": "",
            "hostname": "node04.netology.yc",
            "id": "fhm5877q4lae00qkg1is",
            "labels": null,
            "local_disk": [],
            "metadata": {
              "ssh-keys": "centos:ssh-rsa AAAAB3NzaC1yc2EAAAADAQABAAABAQCw6E6/+K/I8xQqvszo8xI09HBnQuGF/55+c3gEYFr9C7x+aDQWjsu4yvPwVaMb0WOBGs1JiXZGWTJ+qANc/FmAwXMD0pHUR0A3puNbWXWecrbOln/XN5P59/p120ZSUhj62DmtkIahbydjpN7roTt0tlQkhm9HIj4BjTfmeK0h9gVm5SJCL/wMpBhgYQQfgelmC4UUbFZDw38zQU2Fw8FkvW8wtGAKAMINupbEnXZ+7n/3kOZ7jVnb5tkeXBdAHPdqH2GjgSXo6RKKTTl/uBvILbgLQmffY5SlESBlxq5p4HQfpQwiBfhbsuePvxJYPYBpPUF/c6YjjWfO/KBzuTZD pavel@ubuntu\n"
            },
            "metadata_options": [
              {
                "aws_v1_http_endpoint": 1,
                "aws_v1_http_token": 2,
                "gce_http_endpoint": 1,
                "gce_http_token": 1
              }
            ],
            "name": "node04",
            "network_acceleration_type": "standard",
            "network_interface": [
              {
                "dns_record": [],
                "index": 0,
                "ip_address": "192.168.101.14",
                "ipv4": true,
                "ipv6": false,
                "ipv6_address": "",
                "ipv6_dns_record": [],
                "mac_address": "d0:0d:54:1c:fa:25",
                "nat": true,
                "nat_dns_record": [],
                "nat_ip_address": "84.252.128.132",
                "nat_ip_version": "IPV4",
                "security_group_ids": [],
                "subnet_id": "e9bhvctridupv739p3tj"
              }
            ],
            "placement_policy": [
              {
                "host_affinity_rules": [],
                "placement_group_id": ""
              }
            ],
            "platform_id": "standard-v1",
            "resources": [
              {
                "core_fraction": 100,
                "cores": 4,
                "gpus": 0,
                "memory": 8
              }
            ],
            "scheduling_policy": [
              {
                "preemptible": false
              }
            ],
            "secondary_disk": [],
            "service_account_id": "",
            "status": "running",
            "timeouts": null,
            "zone": "ru-central1-a"
          },
          "sensitive_attributes": [],
          "private": "eyJlMmJmYjczMC1lY2FhLTExZTYtOGY4OC0zNDM2M2JjN2M0YzAiOnsiY3JlYXRlIjozMDAwMDAwMDAwMDAsImRlbGV0ZSI6MzAwMDAwMDAwMDAwLCJ1cGRhdGUiOjMwMDAwMDAwMDAwMH0sInNjaGVtYV92ZXJzaW9uIjoiMSJ9",
          "dependencies": [
            "yandex_vpc_subnet.default"
          ]
        }
      ]
    },
    {
      "mode": "managed",
      "type": "yandex_compute_instance",
      "name": "node05",
      "provider": "provider[\"registry.terraform.io/yandex-cloud/yandex\"]",
      "instances": [
        {
          "schema_version": 1,
          "attributes": {
            "allow_recreate": null,
            "allow_stopping_for_update": true,
            "boot_disk": [
              {
                "auto_delete": true,
                "device_name": "fhmkkqn537t84i12vcmj",
                "disk_id": "fhmkkqn537t84i12vcmj",
                "initialize_params": [
                  {
                    "block_size": 4096,
                    "description": "",
                    "image_id": "fd8njfjogfu9uqgvmm7b",
                    "name": "root-node05",
                    "size": 40,
                    "snapshot_id": "",
                    "type": "network-ssd"
                  }
                ],
                "mode": "READ_WRITE"
              }
            ],
            "created_at": "2023-09-21T20:54:34Z",
            "description": "",
            "filesystem": [],
            "folder_id": "b1gtnr26lsnrkmj1um83",
            "fqdn": "node05.netology.yc",
            "gpu_cluster_id": "",
            "hostname": "node05.netology.yc",
            "id": "fhmei830h29msdlejhs6",
            "labels": null,
            "local_disk": [],
            "metadata": {
              "ssh-keys": "centos:ssh-rsa AAAAB3NzaC1yc2EAAAADAQABAAABAQCw6E6/+K/I8xQqvszo8xI09HBnQuGF/55+c3gEYFr9C7x+aDQWjsu4yvPwVaMb0WOBGs1JiXZGWTJ+qANc/FmAwXMD0pHUR0A3puNbWXWecrbOln/XN5P59/p120ZSUhj62DmtkIahbydjpN7roTt0tlQkhm9HIj4BjTfmeK0h9gVm5SJCL/wMpBhgYQQfgelmC4UUbFZDw38zQU2Fw8FkvW8wtGAKAMINupbEnXZ+7n/3kOZ7jVnb5tkeXBdAHPdqH2GjgSXo6RKKTTl/uBvILbgLQmffY5SlESBlxq5p4HQfpQwiBfhbsuePvxJYPYBpPUF/c6YjjWfO/KBzuTZD pavel@ubuntu\n"
            },
            "metadata_options": [
              {
                "aws_v1_http_endpoint": 1,
                "aws_v1_http_token": 2,
                "gce_http_endpoint": 1,
                "gce_http_token": 1
              }
            ],
            "name": "node05",
            "network_acceleration_type": "standard",
            "network_interface": [
              {
                "dns_record": [],
                "index": 0,
                "ip_address": "192.168.101.15",
                "ipv4": true,
                "ipv6": false,
                "ipv6_address": "",
                "ipv6_dns_record": [],
                "mac_address": "d0:0d:e9:20:60:88",
                "nat": true,
                "nat_dns_record": [],
                "nat_ip_address": "84.201.128.221",
                "nat_ip_version": "IPV4",
                "security_group_ids": [],
                "subnet_id": "e9bhvctridupv739p3tj"
              }
            ],
            "placement_policy": [
              {
                "host_affinity_rules": [],
                "placement_group_id": ""
              }
            ],
            "platform_id": "standard-v1",
            "resources": [
              {
                "core_fraction": 100,
                "cores": 4,
                "gpus": 0,
                "memory": 8
              }
            ],
            "scheduling_policy": [
              {
                "preemptible": false
              }
            ],
            "secondary_disk": [],
            "service_account_id": "",
            "status": "running",
            "timeouts": null,
            "zone": "ru-central1-a"
          },
          "sensitive_attributes": [],
          "private": "eyJlMmJmYjczMC1lY2FhLTExZTYtOGY4OC0zNDM2M2JjN2M0YzAiOnsiY3JlYXRlIjozMDAwMDAwMDAwMDAsImRlbGV0ZSI6MzAwMDAwMDAwMDAwLCJ1cGRhdGUiOjMwMDAwMDAwMDAwMH0sInNjaGVtYV92ZXJzaW9uIjoiMSJ9",
          "dependencies": [
            "yandex_vpc_subnet.default"
          ]
        }
      ]
    },
    {
      "mode": "managed",
      "type": "yandex_compute_instance",
      "name": "node06",
      "provider": "provider[\"registry.terraform.io/yandex-cloud/yandex\"]",
      "instances": [
        {
          "schema_version": 1,
          "attributes": {
            "allow_recreate": null,
            "allow_stopping_for_update": true,
            "boot_disk": [
              {
                "auto_delete": true,
                "device_name": "fhm2qtl1cqpfldbrs7uu",
                "disk_id": "fhm2qtl1cqpfldbrs7uu",
                "initialize_params": [
                  {
                    "block_size": 4096,
                    "description": "",
                    "image_id": "fd8njfjogfu9uqgvmm7b",
                    "name": "root-node06",
                    "size": 40,
                    "snapshot_id": "",
                    "type": "network-ssd"
                  }
                ],
                "mode": "READ_WRITE"
              }
            ],
            "created_at": "2023-09-21T20:54:34Z",
            "description": "",
            "filesystem": [],
            "folder_id": "b1gtnr26lsnrkmj1um83",
            "fqdn": "node06.netology.yc",
            "gpu_cluster_id": "",
            "hostname": "node06.netology.yc",
            "id": "fhm254av638cn8agggqf",
            "labels": null,
            "local_disk": [],
            "metadata": {
              "ssh-keys": "centos:ssh-rsa AAAAB3NzaC1yc2EAAAADAQABAAABAQCw6E6/+K/I8xQqvszo8xI09HBnQuGF/55+c3gEYFr9C7x+aDQWjsu4yvPwVaMb0WOBGs1JiXZGWTJ+qANc/FmAwXMD0pHUR0A3puNbWXWecrbOln/XN5P59/p120ZSUhj62DmtkIahbydjpN7roTt0tlQkhm9HIj4BjTfmeK0h9gVm5SJCL/wMpBhgYQQfgelmC4UUbFZDw38zQU2Fw8FkvW8wtGAKAMINupbEnXZ+7n/3kOZ7jVnb5tkeXBdAHPdqH2GjgSXo6RKKTTl/uBvILbgLQmffY5SlESBlxq5p4HQfpQwiBfhbsuePvxJYPYBpPUF/c6YjjWfO/KBzuTZD pavel@ubuntu\n"
            },
            "metadata_options": [
              {
                "aws_v1_http_endpoint": 1,
                "aws_v1_http_token": 2,
                "gce_http_endpoint": 1,
                "gce_http_token": 1
              }
            ],
            "name": "node06",
            "network_acceleration_type": "standard",
            "network_interface": [
              {
                "dns_record": [],
                "index": 0,
                "ip_address": "192.168.101.16",
                "ipv4": true,
                "ipv6": false,
                "ipv6_address": "",
                "ipv6_dns_record": [],
                "mac_address": "d0:0d:22:91:5f:30",
                "nat": true,
                "nat_dns_record": [],
                "nat_ip_address": "84.201.130.69",
                "nat_ip_version": "IPV4",
                "security_group_ids": [],
                "subnet_id": "e9bhvctridupv739p3tj"
              }
            ],
            "placement_policy": [
              {
                "host_affinity_rules": [],
                "placement_group_id": ""
              }
            ],
            "platform_id": "standard-v1",
            "resources": [
              {
                "core_fraction": 100,
                "cores": 4,
                "gpus": 0,
                "memory": 8
              }
            ],
            "scheduling_policy": [
              {
                "preemptible": false
              }
            ],
            "secondary_disk": [],
            "service_account_id": "",
            "status": "running",
            "timeouts": null,
            "zone": "ru-central1-a"
          },
          "sensitive_attributes": [],
          "private": "eyJlMmJmYjczMC1lY2FhLTExZTYtOGY4OC0zNDM2M2JjN2M0YzAiOnsiY3JlYXRlIjozMDAwMDAwMDAwMDAsImRlbGV0ZSI6MzAwMDAwMDAwMDAwLCJ1cGRhdGUiOjMwMDAwMDAwMDAwMH0sInNjaGVtYV92ZXJzaW9uIjoiMSJ9",
          "dependencies": [
            "yandex_vpc_subnet.default"
          ]
        }
      ]
    },
    {
      "mode": "managed",
      "type": "yandex_vpc_network",
      "name": "default",
      "provider": "provider[\"registry.terraform.io/yandex-cloud/yandex\"]",
      "instances": [
        {
          "schema_version": 0,
          "attributes": {
            "created_at": "2023-09-21T20:42:43Z",
            "default_security_group_id": "enpr2au26ab2guern336",
            "description": "",
            "folder_id": "b1gtnr26lsnrkmj1um83",
            "id": "enp38uq8v7k2t4p461qt",
            "labels": {},
            "name": "net",
            "subnet_ids": [
              "e9bhvctridupv739p3tj"
            ],
            "timeouts": null
          },
          "sensitive_attributes": [],
          "private": "eyJlMmJmYjczMC1lY2FhLTExZTYtOGY4OC0zNDM2M2JjN2M0YzAiOnsiY3JlYXRlIjo2MDAwMDAwMDAwMCwiZGVsZXRlIjo2MDAwMDAwMDAwMCwidXBkYXRlIjo2MDAwMDAwMDAwMH19"
        }
      ]
    },
    {
      "mode": "managed",
      "type": "yandex_vpc_subnet",
      "name": "default",
      "provider": "provider[\"registry.terraform.io/yandex-cloud/yandex\"]",
      "instances": [
        {
          "schema_version": 0,
          "attributes": {
            "created_at": "2023-09-21T20:42:47Z",
            "description": "",
            "dhcp_options": [],
            "folder_id": "b1gtnr26lsnrkmj1um83",
            "id": "e9bhvctridupv739p3tj",
            "labels": {},
            "name": "subnet",
            "network_id": "enp38uq8v7k2t4p461qt",
            "route_table_id": "",
            "timeouts": null,
            "v4_cidr_blocks": [
              "192.168.101.0/24"
            ],
            "v6_cidr_blocks": [],
            "zone": "ru-central1-a"
          },
          "sensitive_attributes": [],
          "private": "eyJlMmJmYjczMC1lY2FhLTExZTYtOGY4OC0zNDM2M2JjN2M0YzAiOnsiY3JlYXRlIjoxODAwMDAwMDAwMDAsImRlbGV0ZSI6MTgwMDAwMDAwMDAwLCJ1cGRhdGUiOjE4MDAwMDAwMDAwMH19",
          "dependencies": [
            "yandex_vpc_network.default"
          ]
        }
      ]
    }
  ],
  "check_results": null
}
